# Code generated by scarb DO NOT EDIT.
version = 1

[[package]]
name = "host_cairo"
version = "0.1.0"
dependencies = [
 "riscairo",
]

[[package]]
name = "riscairo"
version = "0.1.0"
source = "git+https://github.com/massalabs/riscairo.git?branch=update_version#3157864fd7e587f979a57276234c6c924f15d84c"
